
Microsoft Visual Studio Solution File, Format Version 12.00
# Visual Studio 15
VisualStudioVersion = 15.0.28307.779
MinimumVisualStudioVersion = 10.0.40219.1
Project("{FAE04EC0-301F-11D3-BF4B-00C04F79EFBC}") = "Class Project - Deliverable 2", "Class Project - Deliverable 2\Class Project - Deliverable 2.csproj", "{0955402A-670E-445A-A6FA-2C95D19B1690}"
EndProject
Global
	GlobalSection(SolutionConfigurationPlatforms) = preSolution
		Debug|Any CPU = Debug|Any CPU
		Release|Any CPU = Release|Any CPU
	EndGlobalSection
	GlobalSection(ProjectConfigurationPlatforms) = postSolution
		{0955402A-670E-445A-A6FA-2C95D19B1690}.Debug|Any CPU.ActiveCfg = Debug|Any CPU
		{0955402A-670E-445A-A6FA-2C95D19B1690}.Debug|Any CPU.Build.0 = Debug|Any CPU
		{0955402A-670E-445A-A6FA-2C95D19B1690}.Release|Any CPU.ActiveCfg = Release|Any CPU
		{0955402A-670E-445A-A6FA-2C95D19B1690}.Release|Any CPU.Build.0 = Release|Any CPU
	EndGlobalSection
	GlobalSection(SolutionProperties) = preSolution
		HideSolutionNode = FALSE
	EndGlobalSection
	GlobalSection(ExtensibilityGlobals) = postSolution
		SolutionGuid = {F56DD574-EF1B-402F-88FE-A3AF6C6B00A8}
	EndGlobalSection
EndGlobal
